
Microsoft Visual Studio Solution File, Format Version 12.00
# Visual Studio 15
VisualStudioVersion = 15.0.28307.779
MinimumVisualStudioVersion = 10.0.40219.1
Project("{8BC9CEB8-8B4A-11D0-8D11-00A0C91BC942}") = "Polynomial", "Polynomial.vcxproj", "{C37A54F9-6B6D-43A6-8872-A8C4531ECC51}"
EndProject
Global
	GlobalSection(SolutionConfigurationPlatforms) = preSolution
		Debug|x64 = Debug|x64
		Debug|x86 = Debug|x86
		Release|x64 = Release|x64
		Release|x86 = Release|x86
	EndGlobalSection
	GlobalSection(ProjectConfigurationPlatforms) = postSolution
		{C37A54F9-6B6D-43A6-8872-A8C4531ECC51}.Debug|x64.ActiveCfg = Debug|x64
		{C37A54F9-6B6D-43A6-8872-A8C4531ECC51}.Debug|x64.Build.0 = Debug|x64
		{C37A54F9-6B6D-43A6-8872-A8C4531ECC51}.Debug|x86.ActiveCfg = Debug|Win32
		{C37A54F9-6B6D-43A6-8872-A8C4531ECC51}.Debug|x86.Build.0 = Debug|Win32
		{C37A54F9-6B6D-43A6-8872-A8C4531ECC51}.Release|x64.ActiveCfg = Release|x64
		{C37A54F9-6B6D-43A6-8872-A8C4531ECC51}.Release|x64.Build.0 = Release|x64
		{C37A54F9-6B6D-43A6-8872-A8C4531ECC51}.Release|x86.ActiveCfg = Release|Win32
		{C37A54F9-6B6D-43A6-8872-A8C4531ECC51}.Release|x86.Build.0 = Release|Win32
	EndGlobalSection
	GlobalSection(SolutionProperties) = preSolution
		HideSolutionNode = FALSE
	EndGlobalSection
	GlobalSection(ExtensibilityGlobals) = postSolution
		SolutionGuid = {9C570358-D2A0-42AD-A94E-7C2892A8FD24}
	EndGlobalSection
EndGlobal
