
Microsoft Visual Studio Solution File, Format Version 12.00
# Visual Studio 15
VisualStudioVersion = 15.0.28307.489
MinimumVisualStudioVersion = 10.0.40219.1
Project("{8BC9CEB8-8B4A-11D0-8D11-00A0C91BC942}") = "hash_point", "hash_point.vcxproj", "{AE5BEB18-F8CD-41FE-A1E7-4A0384380012}"
EndProject
Global
	GlobalSection(SolutionConfigurationPlatforms) = preSolution
		Debug|x64 = Debug|x64
		Debug|x86 = Debug|x86
		Release|x64 = Release|x64
		Release|x86 = Release|x86
	EndGlobalSection
	GlobalSection(ProjectConfigurationPlatforms) = postSolution
		{AE5BEB18-F8CD-41FE-A1E7-4A0384380012}.Debug|x64.ActiveCfg = Debug|x64
		{AE5BEB18-F8CD-41FE-A1E7-4A0384380012}.Debug|x64.Build.0 = Debug|x64
		{AE5BEB18-F8CD-41FE-A1E7-4A0384380012}.Debug|x86.ActiveCfg = Debug|Win32
		{AE5BEB18-F8CD-41FE-A1E7-4A0384380012}.Debug|x86.Build.0 = Debug|Win32
		{AE5BEB18-F8CD-41FE-A1E7-4A0384380012}.Release|x64.ActiveCfg = Release|x64
		{AE5BEB18-F8CD-41FE-A1E7-4A0384380012}.Release|x64.Build.0 = Release|x64
		{AE5BEB18-F8CD-41FE-A1E7-4A0384380012}.Release|x86.ActiveCfg = Release|Win32
		{AE5BEB18-F8CD-41FE-A1E7-4A0384380012}.Release|x86.Build.0 = Release|Win32
	EndGlobalSection
	GlobalSection(SolutionProperties) = preSolution
		HideSolutionNode = FALSE
	EndGlobalSection
	GlobalSection(ExtensibilityGlobals) = postSolution
		SolutionGuid = {3CC4CA02-0187-4A27-B631-DE59E9841FAC}
	EndGlobalSection
EndGlobal
