
Microsoft Visual Studio Solution File, Format Version 12.00
# Visual Studio 15
VisualStudioVersion = 15.0.28307.489
MinimumVisualStudioVersion = 10.0.40219.1
Project("{8BC9CEB8-8B4A-11D0-8D11-00A0C91BC942}") = "json_xml_refactoring", "json_xml_refactoring.vcxproj", "{52321B79-9E05-4567-8244-F00842D1FF68}"
EndProject
Global
	GlobalSection(SolutionConfigurationPlatforms) = preSolution
		Debug|x64 = Debug|x64
		Debug|x86 = Debug|x86
		Release|x64 = Release|x64
		Release|x86 = Release|x86
	EndGlobalSection
	GlobalSection(ProjectConfigurationPlatforms) = postSolution
		{52321B79-9E05-4567-8244-F00842D1FF68}.Debug|x64.ActiveCfg = Debug|x64
		{52321B79-9E05-4567-8244-F00842D1FF68}.Debug|x64.Build.0 = Debug|x64
		{52321B79-9E05-4567-8244-F00842D1FF68}.Debug|x86.ActiveCfg = Debug|Win32
		{52321B79-9E05-4567-8244-F00842D1FF68}.Debug|x86.Build.0 = Debug|Win32
		{52321B79-9E05-4567-8244-F00842D1FF68}.Release|x64.ActiveCfg = Release|x64
		{52321B79-9E05-4567-8244-F00842D1FF68}.Release|x64.Build.0 = Release|x64
		{52321B79-9E05-4567-8244-F00842D1FF68}.Release|x86.ActiveCfg = Release|Win32
		{52321B79-9E05-4567-8244-F00842D1FF68}.Release|x86.Build.0 = Release|Win32
	EndGlobalSection
	GlobalSection(SolutionProperties) = preSolution
		HideSolutionNode = FALSE
	EndGlobalSection
	GlobalSection(ExtensibilityGlobals) = postSolution
		SolutionGuid = {C06CEC58-24AF-4976-BC38-1432D535A8F4}
	EndGlobalSection
EndGlobal
